# This file is automatically @generated by Cargo.
# It is not intended for manual editing.
version = 3

[[package]]
name = "server"
version = "0.1.0"
dependencies = [
 "workspace_lib",
]

[[package]]
name = "workspace_bin"
version = "0.1.0"
dependencies = [
 "workspace_lib",
]

[[package]]
name = "workspace_lib"
version = "0.1.0"
